
Microsoft Visual Studio Solution File, Format Version 12.00
# Visual Studio Version 17
VisualStudioVersion = 17.7.34009.444
MinimumVisualStudioVersion = 10.0.40219.1
Project("{FAE04EC0-301F-11D3-BF4B-00C04F79EFBC}") = "ConsoleApp4", "ConsoleApp4\ConsoleApp4.csproj", "{4A53C9B0-7CDD-4926-B337-B9CE20C75C8E}"
EndProject
Global
	GlobalSection(SolutionConfigurationPlatforms) = preSolution
		Debug|Any CPU = Debug|Any CPU
		Release|Any CPU = Release|Any CPU
	EndGlobalSection
	GlobalSection(ProjectConfigurationPlatforms) = postSolution
		{4A53C9B0-7CDD-4926-B337-B9CE20C75C8E}.Debug|Any CPU.ActiveCfg = Debug|Any CPU
		{4A53C9B0-7CDD-4926-B337-B9CE20C75C8E}.Debug|Any CPU.Build.0 = Debug|Any CPU
		{4A53C9B0-7CDD-4926-B337-B9CE20C75C8E}.Release|Any CPU.ActiveCfg = Release|Any CPU
		{4A53C9B0-7CDD-4926-B337-B9CE20C75C8E}.Release|Any CPU.Build.0 = Release|Any CPU
	EndGlobalSection
	GlobalSection(SolutionProperties) = preSolution
		HideSolutionNode = FALSE
	EndGlobalSection
	GlobalSection(ExtensibilityGlobals) = postSolution
		SolutionGuid = {5FCD6436-5986-4CFD-962E-6475B53672C1}
	EndGlobalSection
EndGlobal
