
Microsoft Visual Studio Solution File, Format Version 12.00
# Visual Studio Version 17
VisualStudioVersion = 17.7.34024.191
MinimumVisualStudioVersion = 10.0.40219.1
Project("{FAE04EC0-301F-11D3-BF4B-00C04F79EFBC}") = "BinarySearchTree", "BinarySearchTree\BinarySearchTree.csproj", "{A662DAE9-4855-40DE-B471-2AB541480CF1}"
EndProject
Global
	GlobalSection(SolutionConfigurationPlatforms) = preSolution
		Debug|Any CPU = Debug|Any CPU
		Release|Any CPU = Release|Any CPU
	EndGlobalSection
	GlobalSection(ProjectConfigurationPlatforms) = postSolution
		{A662DAE9-4855-40DE-B471-2AB541480CF1}.Debug|Any CPU.ActiveCfg = Debug|Any CPU
		{A662DAE9-4855-40DE-B471-2AB541480CF1}.Debug|Any CPU.Build.0 = Debug|Any CPU
		{A662DAE9-4855-40DE-B471-2AB541480CF1}.Release|Any CPU.ActiveCfg = Release|Any CPU
		{A662DAE9-4855-40DE-B471-2AB541480CF1}.Release|Any CPU.Build.0 = Release|Any CPU
	EndGlobalSection
	GlobalSection(SolutionProperties) = preSolution
		HideSolutionNode = FALSE
	EndGlobalSection
	GlobalSection(ExtensibilityGlobals) = postSolution
		SolutionGuid = {B3CC7206-7F16-4C70-9964-43E893B3CCB0}
	EndGlobalSection
EndGlobal
