
Microsoft Visual Studio Solution File, Format Version 12.00
# Visual Studio Version 17
VisualStudioVersion = 17.7.34031.279
MinimumVisualStudioVersion = 10.0.40219.1
Project("{FAE04EC0-301F-11D3-BF4B-00C04F79EFBC}") = "Project1", "Project1.csproj", "{EB5B51D1-BEB0-4086-9E93-3DC6750784E2}"
EndProject
Global
	GlobalSection(SolutionConfigurationPlatforms) = preSolution
		Debug|Any CPU = Debug|Any CPU
		Release|Any CPU = Release|Any CPU
	EndGlobalSection
	GlobalSection(ProjectConfigurationPlatforms) = postSolution
		{EB5B51D1-BEB0-4086-9E93-3DC6750784E2}.Debug|Any CPU.ActiveCfg = Debug|Any CPU
		{EB5B51D1-BEB0-4086-9E93-3DC6750784E2}.Debug|Any CPU.Build.0 = Debug|Any CPU
		{EB5B51D1-BEB0-4086-9E93-3DC6750784E2}.Release|Any CPU.ActiveCfg = Release|Any CPU
		{EB5B51D1-BEB0-4086-9E93-3DC6750784E2}.Release|Any CPU.Build.0 = Release|Any CPU
	EndGlobalSection
	GlobalSection(SolutionProperties) = preSolution
		HideSolutionNode = FALSE
	EndGlobalSection
	GlobalSection(ExtensibilityGlobals) = postSolution
		SolutionGuid = {84F09BB1-781D-434E-8B00-1C2429DA2CFB}
	EndGlobalSection
EndGlobal
