
Microsoft Visual Studio Solution File, Format Version 12.00
# Visual Studio Version 17
VisualStudioVersion = 17.7.34018.315
MinimumVisualStudioVersion = 10.0.40219.1
Project("{FAE04EC0-301F-11D3-BF4B-00C04F79EFBC}") = "Restaurant", "Resturant\Restaurant.csproj", "{CF8400D5-873D-4453-B0A9-235852B175F5}"
EndProject
Project("{FAE04EC0-301F-11D3-BF4B-00C04F79EFBC}") = "RestaurantTest", "ResturantTest\RestaurantTest.csproj", "{29758BB0-22FD-4714-8E55-B87F3A5F5D4B}"
EndProject
Global
	GlobalSection(SolutionConfigurationPlatforms) = preSolution
		Debug|Any CPU = Debug|Any CPU
		Release|Any CPU = Release|Any CPU
	EndGlobalSection
	GlobalSection(ProjectConfigurationPlatforms) = postSolution
		{CF8400D5-873D-4453-B0A9-235852B175F5}.Debug|Any CPU.ActiveCfg = Debug|Any CPU
		{CF8400D5-873D-4453-B0A9-235852B175F5}.Debug|Any CPU.Build.0 = Debug|Any CPU
		{CF8400D5-873D-4453-B0A9-235852B175F5}.Release|Any CPU.ActiveCfg = Release|Any CPU
		{CF8400D5-873D-4453-B0A9-235852B175F5}.Release|Any CPU.Build.0 = Release|Any CPU
		{29758BB0-22FD-4714-8E55-B87F3A5F5D4B}.Debug|Any CPU.ActiveCfg = Debug|Any CPU
		{29758BB0-22FD-4714-8E55-B87F3A5F5D4B}.Debug|Any CPU.Build.0 = Debug|Any CPU
		{29758BB0-22FD-4714-8E55-B87F3A5F5D4B}.Release|Any CPU.ActiveCfg = Release|Any CPU
		{29758BB0-22FD-4714-8E55-B87F3A5F5D4B}.Release|Any CPU.Build.0 = Release|Any CPU
	EndGlobalSection
	GlobalSection(SolutionProperties) = preSolution
		HideSolutionNode = FALSE
	EndGlobalSection
	GlobalSection(ExtensibilityGlobals) = postSolution
		SolutionGuid = {B137931E-7B89-43A2-B173-B2A2D51B4E90}
	EndGlobalSection
EndGlobal
