
Microsoft Visual Studio Solution File, Format Version 12.00
# Visual Studio Version 17
VisualStudioVersion = 17.7.34024.191
MinimumVisualStudioVersion = 10.0.40219.1
Project("{FAE04EC0-301F-11D3-BF4B-00C04F79EFBC}") = "MergeSort", "MergeSort\MergeSort.csproj", "{4168A2F0-AA81-405D-B501-A44F7B8C8A7A}"
EndProject
Global
	GlobalSection(SolutionConfigurationPlatforms) = preSolution
		Debug|Any CPU = Debug|Any CPU
		Release|Any CPU = Release|Any CPU
	EndGlobalSection
	GlobalSection(ProjectConfigurationPlatforms) = postSolution
		{4168A2F0-AA81-405D-B501-A44F7B8C8A7A}.Debug|Any CPU.ActiveCfg = Debug|Any CPU
		{4168A2F0-AA81-405D-B501-A44F7B8C8A7A}.Debug|Any CPU.Build.0 = Debug|Any CPU
		{4168A2F0-AA81-405D-B501-A44F7B8C8A7A}.Release|Any CPU.ActiveCfg = Release|Any CPU
		{4168A2F0-AA81-405D-B501-A44F7B8C8A7A}.Release|Any CPU.Build.0 = Release|Any CPU
	EndGlobalSection
	GlobalSection(SolutionProperties) = preSolution
		HideSolutionNode = FALSE
	EndGlobalSection
	GlobalSection(ExtensibilityGlobals) = postSolution
		SolutionGuid = {EDC6646C-10D1-4597-BBBF-1C1B67B09FB9}
	EndGlobalSection
EndGlobal
