
Microsoft Visual Studio Solution File, Format Version 12.00
# Visual Studio Version 17
VisualStudioVersion = 17.7.34031.279
MinimumVisualStudioVersion = 10.0.40219.1
Project("{FAE04EC0-301F-11D3-BF4B-00C04F79EFBC}") = "The_dropWhile_Function", "The_dropWhile_Function\The_dropWhile_Function.csproj", "{881E3871-3872-4107-9C80-86ED59E886BB}"
EndProject
Project("{FAE04EC0-301F-11D3-BF4B-00C04F79EFBC}") = "Pillars", "Pillars\Pillars.csproj", "{8AFF5CB9-6AF9-41C7-A7DC-7F0C217CFB2A}"
EndProject
Global
	GlobalSection(SolutionConfigurationPlatforms) = preSolution
		Debug|Any CPU = Debug|Any CPU
		Release|Any CPU = Release|Any CPU
	EndGlobalSection
	GlobalSection(ProjectConfigurationPlatforms) = postSolution
		{881E3871-3872-4107-9C80-86ED59E886BB}.Debug|Any CPU.ActiveCfg = Debug|Any CPU
		{881E3871-3872-4107-9C80-86ED59E886BB}.Debug|Any CPU.Build.0 = Debug|Any CPU
		{881E3871-3872-4107-9C80-86ED59E886BB}.Release|Any CPU.ActiveCfg = Release|Any CPU
		{881E3871-3872-4107-9C80-86ED59E886BB}.Release|Any CPU.Build.0 = Release|Any CPU
		{8AFF5CB9-6AF9-41C7-A7DC-7F0C217CFB2A}.Debug|Any CPU.ActiveCfg = Debug|Any CPU
		{8AFF5CB9-6AF9-41C7-A7DC-7F0C217CFB2A}.Debug|Any CPU.Build.0 = Debug|Any CPU
		{8AFF5CB9-6AF9-41C7-A7DC-7F0C217CFB2A}.Release|Any CPU.ActiveCfg = Release|Any CPU
		{8AFF5CB9-6AF9-41C7-A7DC-7F0C217CFB2A}.Release|Any CPU.Build.0 = Release|Any CPU
	EndGlobalSection
	GlobalSection(SolutionProperties) = preSolution
		HideSolutionNode = FALSE
	EndGlobalSection
	GlobalSection(ExtensibilityGlobals) = postSolution
		SolutionGuid = {931CA250-B312-4173-9DE7-C8C6E95AF93D}
	EndGlobalSection
EndGlobal
